
Microsoft Visual Studio Solution File, Format Version 12.00
# Visual Studio Version 16
VisualStudioVersion = 16.0.30717.126
MinimumVisualStudioVersion = 10.0.40219.1
Project("{FAE04EC0-301F-11D3-BF4B-00C04F79EFBC}") = "DemParser", "DemParser.csproj", "{C03BAB0D-0556-48B4-B6DC-47A6D909A8C6}"
EndProject
Global
	GlobalSection(SolutionConfigurationPlatforms) = preSolution
		Debug|Any CPU = Debug|Any CPU
		Release|Any CPU = Release|Any CPU
	EndGlobalSection
	GlobalSection(ProjectConfigurationPlatforms) = postSolution
		{C03BAB0D-0556-48B4-B6DC-47A6D909A8C6}.Debug|Any CPU.ActiveCfg = Debug|Any CPU
		{C03BAB0D-0556-48B4-B6DC-47A6D909A8C6}.Debug|Any CPU.Build.0 = Debug|Any CPU
		{C03BAB0D-0556-48B4-B6DC-47A6D909A8C6}.Release|Any CPU.ActiveCfg = Release|Any CPU
		{C03BAB0D-0556-48B4-B6DC-47A6D909A8C6}.Release|Any CPU.Build.0 = Release|Any CPU
	EndGlobalSection
	GlobalSection(SolutionProperties) = preSolution
		HideSolutionNode = FALSE
	EndGlobalSection
	GlobalSection(ExtensibilityGlobals) = postSolution
		SolutionGuid = {89DF944B-BE27-4484-B8F8-6ED7C8207149}
	EndGlobalSection
EndGlobal
