{
  "name": "DemoParserCS2",
  "lockfileVersion": 3,
  "requires": true,
  "packages": {
    "": {
      "dependencies": {
        "@laihoe/demoparser2": "^0.38.3"
      },
      "devDependencies": {
        "@types/node": "^20.9.0",
        "typescript": "^5.2.2"
      }
    },
    "node_modules/@laihoe/demoparser2": {
      "version": "0.38.3",
      "resolved": "https://registry.npmjs.org/@laihoe/demoparser2/-/demoparser2-0.38.3.tgz",
      "integrity": "sha512-j7j3UeRSHFpYPKh0XkxLBQRD8CYz18+MTxXI2uRLjG12C6lVi02J+txyRbLVRXTVenWOEFDiFx5xeE96mBc8Xw==",
      "engines": {
        "node": ">= 10"
      },
      "optionalDependencies": {
        "@laihoe/demoparser2-android-arm-eabi": "0.38.3",
        "@laihoe/demoparser2-android-arm64": "0.38.3",
        "@laihoe/demoparser2-darwin-arm64": "0.38.3",
        "@laihoe/demoparser2-darwin-universal": "0.38.3",
        "@laihoe/demoparser2-darwin-x64": "0.38.3",
        "@laihoe/demoparser2-freebsd-x64": "0.38.3",
        "@laihoe/demoparser2-linux-arm-gnueabihf": "0.38.3",
        "@laihoe/demoparser2-linux-arm64-gnu": "0.38.3",
        "@laihoe/demoparser2-linux-arm64-musl": "0.38.3",
        "@laihoe/demoparser2-linux-x64-gnu": "0.38.3",
        "@laihoe/demoparser2-linux-x64-musl": "0.38.3",
        "@laihoe/demoparser2-win32-arm64-msvc": "0.38.3",
        "@laihoe/demoparser2-win32-ia32-msvc": "0.38.3",
        "@laihoe/demoparser2-win32-x64-msvc": "0.38.3"
      }
    },
    "node_modules/@laihoe/demoparser2-android-arm-eabi": {
      "version": "0.38.3",
      "resolved": "https://registry.npmjs.org/@laihoe/demoparser2-android-arm-eabi/-/demoparser2-android-arm-eabi-0.38.3.tgz",
      "integrity": "sha512-LCHn5dAU0meaO/bqT0SDpR2IouGLTsc6R7uB5tOxCT06bibj3vdLh2bF4hpjefi5Sn3iEthBxXb0nl43rOpRyw==",
      "cpu": [
        "arm"
      ],
      "optional": true,
      "os": [
        "android"
      ],
      "engines": {
        "node": ">= 10"
      }
    },
    "node_modules/@laihoe/demoparser2-android-arm64": {
      "version": "0.38.3",
      "resolved": "https://registry.npmjs.org/@laihoe/demoparser2-android-arm64/-/demoparser2-android-arm64-0.38.3.tgz",
      "integrity": "sha512-v71r/5kkRcqJxOWVGxUJ5rQkXlQZSAmKEEJgnWLG330vSTUTHtdVdTnau0+2lyE+FVfE0dQ0rJEs+HFDY7nVWw==",
      "cpu": [
        "arm64"
      ],
      "optional": true,
      "os": [
        "android"
      ],
      "engines": {
        "node": ">= 10"
      }
    },
    "node_modules/@laihoe/demoparser2-darwin-arm64": {
      "version": "0.38.3",
      "resolved": "https://registry.npmjs.org/@laihoe/demoparser2-darwin-arm64/-/demoparser2-darwin-arm64-0.38.3.tgz",
      "integrity": "sha512-AQlKyCEaeFfABaF55TBz1LReg7xb37UOiATozp3ikXVIlJmSNcHR6neWj2MvrY7zKGm1bsHlFyYDL0Blm2Iu7w==",
      "cpu": [
        "arm64"
      ],
      "optional": true,
      "os": [
        "darwin"
      ],
      "engines": {
        "node": ">= 10"
      }
    },
    "node_modules/@laihoe/demoparser2-linux-arm-gnueabihf": {
      "version": "0.38.3",
      "resolved": "https://registry.npmjs.org/@laihoe/demoparser2-linux-arm-gnueabihf/-/demoparser2-linux-arm-gnueabihf-0.38.3.tgz",
      "integrity": "sha512-UE9opJrYvAA0z16AirDk1vIPKdw78OUNgfQ2jYj7Jc0OyiKMxvDkq+yK/K1Zrp8GRSf7fixlk0kdGePVWm8r7g==",
      "cpu": [
        "arm"
      ],
      "optional": true,
      "os": [
        "linux"
      ],
      "engines": {
        "node": ">= 10"
      }
    },
    "node_modules/@laihoe/demoparser2-linux-arm64-gnu": {
      "version": "0.38.3",
      "resolved": "https://registry.npmjs.org/@laihoe/demoparser2-linux-arm64-gnu/-/demoparser2-linux-arm64-gnu-0.38.3.tgz",
      "integrity": "sha512-E17xoCP2FZiWK6vj51LR3IUla6xekh24X/UcMx7XemWIe7vCjHbBa+mBpc+Wn7h4nKJyhzmlPj/PsXuzNVBVcw==",
      "cpu": [
        "arm64"
      ],
      "optional": true,
      "os": [
        "linux"
      ],
      "engines": {
        "node": ">= 10"
      }
    },
    "node_modules/@laihoe/demoparser2-linux-arm64-musl": {
      "version": "0.38.3",
      "resolved": "https://registry.npmjs.org/@laihoe/demoparser2-linux-arm64-musl/-/demoparser2-linux-arm64-musl-0.38.3.tgz",
      "integrity": "sha512-7kOa1B8hG8CbMG89bR/PBvZ4A1JHWR92PtIiPOi2LNb/jImAqCebU+14ILcg7r5/Iziaw5uyNJTmoG1oMnwfew==",
      "cpu": [
        "arm64"
      ],
      "optional": true,
      "os": [
        "linux"
      ],
      "engines": {
        "node": ">= 10"
      }
    },
    "node_modules/@laihoe/demoparser2-linux-x64-gnu": {
      "version": "0.38.3",
      "resolved": "https://registry.npmjs.org/@laihoe/demoparser2-linux-x64-gnu/-/demoparser2-linux-x64-gnu-0.38.3.tgz",
      "integrity": "sha512-KonfH53CLh0dCj2cSpJ6aSQ/jERsr960zVnqvhoVsr9iLog5M1FFtiplaufuarLcsiy50gRjZy3/GBbAm2npwA==",
      "cpu": [
        "x64"
      ],
      "optional": true,
      "os": [
        "linux"
      ],
      "engines": {
        "node": ">= 10"
      }
    },
    "node_modules/@laihoe/demoparser2-linux-x64-musl": {
      "version": "0.38.3",
      "resolved": "https://registry.npmjs.org/@laihoe/demoparser2-linux-x64-musl/-/demoparser2-linux-x64-musl-0.38.3.tgz",
      "integrity": "sha512-AmGMSMr6IW3vkdw72xa2qZGIQp8sfjJh+ySKRFMG/ODbts96sutcYmpVyuiEs6Xs6VGHocjBvTLFDv3RoE0Nfg==",
      "cpu": [
        "x64"
      ],
      "optional": true,
      "os": [
        "linux"
      ],
      "engines": {
        "node": ">= 10"
      }
    },
    "node_modules/@laihoe/demoparser2-win32-arm64-msvc": {
      "version": "0.38.3",
      "resolved": "https://registry.npmjs.org/@laihoe/demoparser2-win32-arm64-msvc/-/demoparser2-win32-arm64-msvc-0.38.3.tgz",
      "integrity": "sha512-WYV1hbo+Sovih4QVvRlj4yUKUuzEFn2GwTjTWPGvV0reqFlU1CQDBsGTsTjsmJTg7vQ6o4J2ueCksj8DxsHJ9A==",
      "cpu": [
        "arm64"
      ],
      "optional": true,
      "os": [
        "win32"
      ],
      "engines": {
        "node": ">= 10"
      }
    },
    "node_modules/@laihoe/demoparser2-win32-x64-msvc": {
      "version": "0.38.3",
      "resolved": "https://registry.npmjs.org/@laihoe/demoparser2-win32-x64-msvc/-/demoparser2-win32-x64-msvc-0.38.3.tgz",
      "integrity": "sha512-FBFIoRgvsWRORh/ldi8VD7oHsurrBq7a8tkoFekBoQkBEONJwTvoG99UHNchdiR8T8h+VlALm3MmqD4qxT169g==",
      "cpu": [
        "x64"
      ],
      "optional": true,
      "os": [
        "win32"
      ],
      "engines": {
        "node": ">= 10"
      }
    },
    "node_modules/@types/node": {
      "version": "20.14.0",
      "resolved": "https://registry.npmjs.org/@types/node/-/node-20.14.0.tgz",
      "integrity": "sha512-5cHBxFGJx6L4s56Bubp4fglrEpmyJypsqI6RgzMfBHWUJQGWAAi8cWcgetEbZXHYXo9C2Fa4EEds/uSyS4cxmA==",
      "dev": true,
      "dependencies": {
        "undici-types": "~5.26.4"
      }
    },
    "node_modules/typescript": {
      "version": "5.4.5",
      "resolved": "https://registry.npmjs.org/typescript/-/typescript-5.4.5.tgz",
      "integrity": "sha512-vcI4UpRgg81oIRUFwR0WSIHKt11nJ7SAVlYNIu+QpqeyXP+gpQJy/Z4+F0aGxSE4MqwjyXvW/TzgkLAx2AGHwQ==",
      "dev": true,
      "bin": {
        "tsc": "bin/tsc",
        "tsserver": "bin/tsserver"
      },
      "engines": {
        "node": ">=14.17"
      }
    },
    "node_modules/undici-types": {
      "version": "5.26.5",
      "resolved": "https://registry.npmjs.org/undici-types/-/undici-types-5.26.5.tgz",
      "integrity": "sha512-JlCMO+ehdEIKqlFxk6IfVoAUVmgz7cU7zD/h9XZ0qzeosSHmUJVOzSQvvYSYWXkFXC+IfLKSIffhv0sVZup6pA==",
      "dev": true
    }
  }
}
