{
  "name": "DemoParserCS2",
  "lockfileVersion": 2,
  "requires": true,
  "packages": {
    "": {
      "dependencies": {
        "@laihoe/demoparser2": "^0.20.0"
      },
      "devDependencies": {
        "@types/node": "^20.9.0",
        "typescript": "^5.2.2"
      }
    },
    "node_modules/@laihoe/demoparser2": {
      "version": "0.20.0",
      "resolved": "https://registry.npmjs.org/@laihoe/demoparser2/-/demoparser2-0.20.0.tgz",
      "integrity": "sha512-IaXEdkVJ16RI0orkN1YQ3I+tONiq2iHStHwu3/fNuUJgoUkxUfEqm0PplXSLNOCsMAXO0FcaYoG/625sIcPygA==",
      "engines": {
        "node": ">= 10"
      },
      "optionalDependencies": {
        "@laihoe/demoparser2-android-arm-eabi": "0.20.0",
        "@laihoe/demoparser2-android-arm64": "0.20.0",
        "@laihoe/demoparser2-darwin-arm64": "0.20.0",
        "@laihoe/demoparser2-darwin-universal": "0.20.0",
        "@laihoe/demoparser2-darwin-x64": "0.20.0",
        "@laihoe/demoparser2-freebsd-x64": "0.20.0",
        "@laihoe/demoparser2-linux-arm-gnueabihf": "0.20.0",
        "@laihoe/demoparser2-linux-arm64-gnu": "0.20.0",
        "@laihoe/demoparser2-linux-arm64-musl": "0.20.0",
        "@laihoe/demoparser2-linux-x64-gnu": "0.20.0",
        "@laihoe/demoparser2-linux-x64-musl": "0.20.0",
        "@laihoe/demoparser2-win32-arm64-msvc": "0.20.0",
        "@laihoe/demoparser2-win32-ia32-msvc": "0.20.0",
        "@laihoe/demoparser2-win32-x64-msvc": "0.20.0"
      }
    },
    "node_modules/@laihoe/demoparser2-android-arm-eabi": {
      "version": "0.20.0",
      "resolved": "https://registry.npmjs.org/@laihoe/demoparser2-android-arm-eabi/-/demoparser2-android-arm-eabi-0.20.0.tgz",
      "integrity": "sha512-EIvaeIIV8g7trGkVXtR3GgGl7hKoKcHgm0Tu2kjD6f3lqvxTfgudNZZGcVQoSZLCLxsPfoK+JCLYOESOILzu+w==",
      "cpu": [
        "arm"
      ],
      "optional": true,
      "os": [
        "android"
      ],
      "engines": {
        "node": ">= 10"
      }
    },
    "node_modules/@laihoe/demoparser2-android-arm64": {
      "version": "0.20.0",
      "resolved": "https://registry.npmjs.org/@laihoe/demoparser2-android-arm64/-/demoparser2-android-arm64-0.20.0.tgz",
      "integrity": "sha512-WgnS+0lhVmCIQsjoii7GlAyOnbBK9hKDWOK9Is/2PrvMZ/Ky1KuC86iZqpv1F4n/XygEztDwx79IsCSxKO9nLA==",
      "cpu": [
        "arm64"
      ],
      "optional": true,
      "os": [
        "android"
      ],
      "engines": {
        "node": ">= 10"
      }
    },
    "node_modules/@laihoe/demoparser2-darwin-arm64": {
      "version": "0.20.0",
      "resolved": "https://registry.npmjs.org/@laihoe/demoparser2-darwin-arm64/-/demoparser2-darwin-arm64-0.20.0.tgz",
      "integrity": "sha512-cKlk7+LsDSi8LD++1kZblTpxHtlIB5eIm81qCcD5aiX+Mgm77BfUmo8skSh+3DhKHYcwGkjup0jWQYMGkmMmKA==",
      "cpu": [
        "arm64"
      ],
      "optional": true,
      "os": [
        "darwin"
      ],
      "engines": {
        "node": ">= 10"
      }
    },
    "node_modules/@laihoe/demoparser2-darwin-x64": {
      "version": "0.20.0",
      "resolved": "https://registry.npmjs.org/@laihoe/demoparser2-darwin-x64/-/demoparser2-darwin-x64-0.20.0.tgz",
      "integrity": "sha512-Xlqx/34CgPQaDdnZ96op7ofIYtrP9MhsvMIBQZbOnNdJgfjX95ijudTBuZOiAvzq+m+DXojEflgatP8LYbIiHw==",
      "cpu": [
        "x64"
      ],
      "optional": true,
      "os": [
        "darwin"
      ],
      "engines": {
        "node": ">= 10"
      }
    },
    "node_modules/@laihoe/demoparser2-linux-arm-gnueabihf": {
      "version": "0.20.0",
      "resolved": "https://registry.npmjs.org/@laihoe/demoparser2-linux-arm-gnueabihf/-/demoparser2-linux-arm-gnueabihf-0.20.0.tgz",
      "integrity": "sha512-50Pm1NHvtbWq4jv9wtdFmSMj+WxkZMUHnggPnfA0oRPzI813AvpwTe1vih9lusLwV+7ya28WGrskUuzRXCrmMw==",
      "cpu": [
        "arm"
      ],
      "optional": true,
      "os": [
        "linux"
      ],
      "engines": {
        "node": ">= 10"
      }
    },
    "node_modules/@laihoe/demoparser2-linux-arm64-gnu": {
      "version": "0.20.0",
      "resolved": "https://registry.npmjs.org/@laihoe/demoparser2-linux-arm64-gnu/-/demoparser2-linux-arm64-gnu-0.20.0.tgz",
      "integrity": "sha512-WMp6tJRV5wRqTUHaL8HqgtRdJn1wtelHIijlEqDggmwH4kwsG18NmkqRxPdKq+KBPG/o1xDywfbgvROikMm0vg==",
      "cpu": [
        "arm64"
      ],
      "optional": true,
      "os": [
        "linux"
      ],
      "engines": {
        "node": ">= 10"
      }
    },
    "node_modules/@laihoe/demoparser2-linux-arm64-musl": {
      "version": "0.20.0",
      "resolved": "https://registry.npmjs.org/@laihoe/demoparser2-linux-arm64-musl/-/demoparser2-linux-arm64-musl-0.20.0.tgz",
      "integrity": "sha512-1gTuNrqPiLpOYqLUkslQ9NbJMncCkXDSzwJM4tjFaP47tnIs50lg2qRb93JyLKS7Jt0fAyav4/xNkPoZTfrEhw==",
      "cpu": [
        "arm64"
      ],
      "optional": true,
      "os": [
        "linux"
      ],
      "engines": {
        "node": ">= 10"
      }
    },
    "node_modules/@laihoe/demoparser2-linux-x64-gnu": {
      "version": "0.20.0",
      "resolved": "https://registry.npmjs.org/@laihoe/demoparser2-linux-x64-gnu/-/demoparser2-linux-x64-gnu-0.20.0.tgz",
      "integrity": "sha512-DuYU/VfjAT8pxW2CPkbRP3EHzne2cBy51dz1a1ggE5AF8WpC/9ZRGlDirftntLJSFfZBYxYj0ju/zSCkxOZSIg==",
      "cpu": [
        "x64"
      ],
      "optional": true,
      "os": [
        "linux"
      ],
      "engines": {
        "node": ">= 10"
      }
    },
    "node_modules/@laihoe/demoparser2-linux-x64-musl": {
      "version": "0.20.0",
      "resolved": "https://registry.npmjs.org/@laihoe/demoparser2-linux-x64-musl/-/demoparser2-linux-x64-musl-0.20.0.tgz",
      "integrity": "sha512-98L70t8G1EaLJ/Pqg7uBwVME49DLhuJTdXGsOH6R0tVYbFBcxodoRQiQI4Ks2EQgXtPv58MKcGMbKl7kMm5CqA==",
      "cpu": [
        "x64"
      ],
      "optional": true,
      "os": [
        "linux"
      ],
      "engines": {
        "node": ">= 10"
      }
    },
    "node_modules/@laihoe/demoparser2-win32-arm64-msvc": {
      "version": "0.20.0",
      "resolved": "https://registry.npmjs.org/@laihoe/demoparser2-win32-arm64-msvc/-/demoparser2-win32-arm64-msvc-0.20.0.tgz",
      "integrity": "sha512-tkB/jML5H7yeK+2wyhNE1ZZjOtnSKaj56CJYljsXBvDDX6dJHoW05rknhsS2Mx6wI56L+UkHe7oDW7HY2kc/kg==",
      "cpu": [
        "arm64"
      ],
      "optional": true,
      "os": [
        "win32"
      ],
      "engines": {
        "node": ">= 10"
      }
    },
    "node_modules/@laihoe/demoparser2-win32-ia32-msvc": {
      "version": "0.20.0",
      "resolved": "https://registry.npmjs.org/@laihoe/demoparser2-win32-ia32-msvc/-/demoparser2-win32-ia32-msvc-0.20.0.tgz",
      "integrity": "sha512-HIvd8UQ5Vs2pJCNTlLBfGgcRhvz7LH86D6MVzdhPo9DgiMjEqNtTq4qGRAchXApSb0OAV/xm7744Xdjs2pvJnQ==",
      "cpu": [
        "ia32"
      ],
      "optional": true,
      "os": [
        "win32"
      ],
      "engines": {
        "node": ">= 10"
      }
    },
    "node_modules/@laihoe/demoparser2-win32-x64-msvc": {
      "version": "0.20.0",
      "resolved": "https://registry.npmjs.org/@laihoe/demoparser2-win32-x64-msvc/-/demoparser2-win32-x64-msvc-0.20.0.tgz",
      "integrity": "sha512-TpjRz+0YvyGWyDmjTcy62BEkdtRuGFLX0DkGSmnzFqUgMgHfHdaIftxoQboXgi8m66FMjboPkOKZV5IZ2vxWUA==",
      "cpu": [
        "x64"
      ],
      "optional": true,
      "os": [
        "win32"
      ],
      "engines": {
        "node": ">= 10"
      }
    },
    "node_modules/@types/node": {
      "version": "20.9.0",
      "resolved": "https://registry.npmjs.org/@types/node/-/node-20.9.0.tgz",
      "integrity": "sha512-nekiGu2NDb1BcVofVcEKMIwzlx4NjHlcjhoxxKBNLtz15Y1z7MYf549DFvkHSId02Ax6kGwWntIBPC3l/JZcmw==",
      "dev": true,
      "dependencies": {
        "undici-types": "~5.26.4"
      }
    },
    "node_modules/typescript": {
      "version": "5.2.2",
      "resolved": "https://registry.npmjs.org/typescript/-/typescript-5.2.2.tgz",
      "integrity": "sha512-mI4WrpHsbCIcwT9cF4FZvr80QUeKvsUsUvKDoR+X/7XHQH98xYD8YHZg7ANtz2GtZt/CBq2QJ0thkGJMHfqc1w==",
      "dev": true,
      "bin": {
        "tsc": "bin/tsc",
        "tsserver": "bin/tsserver"
      },
      "engines": {
        "node": ">=14.17"
      }
    },
    "node_modules/undici-types": {
      "version": "5.26.5",
      "resolved": "https://registry.npmjs.org/undici-types/-/undici-types-5.26.5.tgz",
      "integrity": "sha512-JlCMO+ehdEIKqlFxk6IfVoAUVmgz7cU7zD/h9XZ0qzeosSHmUJVOzSQvvYSYWXkFXC+IfLKSIffhv0sVZup6pA==",
      "dev": true
    }
  },
  "dependencies": {
    "@laihoe/demoparser2": {
      "version": "0.20.0",
      "resolved": "https://registry.npmjs.org/@laihoe/demoparser2/-/demoparser2-0.20.0.tgz",
      "integrity": "sha512-IaXEdkVJ16RI0orkN1YQ3I+tONiq2iHStHwu3/fNuUJgoUkxUfEqm0PplXSLNOCsMAXO0FcaYoG/625sIcPygA==",
      "requires": {
        "@laihoe/demoparser2-android-arm-eabi": "0.20.0",
        "@laihoe/demoparser2-android-arm64": "0.20.0",
        "@laihoe/demoparser2-darwin-arm64": "0.20.0",
        "@laihoe/demoparser2-darwin-universal": "0.20.0",
        "@laihoe/demoparser2-darwin-x64": "0.20.0",
        "@laihoe/demoparser2-freebsd-x64": "0.20.0",
        "@laihoe/demoparser2-linux-arm-gnueabihf": "0.20.0",
        "@laihoe/demoparser2-linux-arm64-gnu": "0.20.0",
        "@laihoe/demoparser2-linux-arm64-musl": "0.20.0",
        "@laihoe/demoparser2-linux-x64-gnu": "0.20.0",
        "@laihoe/demoparser2-linux-x64-musl": "0.20.0",
        "@laihoe/demoparser2-win32-arm64-msvc": "0.20.0",
        "@laihoe/demoparser2-win32-ia32-msvc": "0.20.0",
        "@laihoe/demoparser2-win32-x64-msvc": "0.20.0"
      }
    },
    "@laihoe/demoparser2-android-arm-eabi": {
      "version": "0.20.0",
      "resolved": "https://registry.npmjs.org/@laihoe/demoparser2-android-arm-eabi/-/demoparser2-android-arm-eabi-0.20.0.tgz",
      "integrity": "sha512-EIvaeIIV8g7trGkVXtR3GgGl7hKoKcHgm0Tu2kjD6f3lqvxTfgudNZZGcVQoSZLCLxsPfoK+JCLYOESOILzu+w==",
      "optional": true
    },
    "@laihoe/demoparser2-android-arm64": {
      "version": "0.20.0",
      "resolved": "https://registry.npmjs.org/@laihoe/demoparser2-android-arm64/-/demoparser2-android-arm64-0.20.0.tgz",
      "integrity": "sha512-WgnS+0lhVmCIQsjoii7GlAyOnbBK9hKDWOK9Is/2PrvMZ/Ky1KuC86iZqpv1F4n/XygEztDwx79IsCSxKO9nLA==",
      "optional": true
    },
    "@laihoe/demoparser2-darwin-arm64": {
      "version": "0.20.0",
      "resolved": "https://registry.npmjs.org/@laihoe/demoparser2-darwin-arm64/-/demoparser2-darwin-arm64-0.20.0.tgz",
      "integrity": "sha512-cKlk7+LsDSi8LD++1kZblTpxHtlIB5eIm81qCcD5aiX+Mgm77BfUmo8skSh+3DhKHYcwGkjup0jWQYMGkmMmKA==",
      "optional": true
    },
    "@laihoe/demoparser2-darwin-x64": {
      "version": "0.20.0",
      "resolved": "https://registry.npmjs.org/@laihoe/demoparser2-darwin-x64/-/demoparser2-darwin-x64-0.20.0.tgz",
      "integrity": "sha512-Xlqx/34CgPQaDdnZ96op7ofIYtrP9MhsvMIBQZbOnNdJgfjX95ijudTBuZOiAvzq+m+DXojEflgatP8LYbIiHw==",
      "optional": true
    },
    "@laihoe/demoparser2-linux-arm-gnueabihf": {
      "version": "0.20.0",
      "resolved": "https://registry.npmjs.org/@laihoe/demoparser2-linux-arm-gnueabihf/-/demoparser2-linux-arm-gnueabihf-0.20.0.tgz",
      "integrity": "sha512-50Pm1NHvtbWq4jv9wtdFmSMj+WxkZMUHnggPnfA0oRPzI813AvpwTe1vih9lusLwV+7ya28WGrskUuzRXCrmMw==",
      "optional": true
    },
    "@laihoe/demoparser2-linux-arm64-gnu": {
      "version": "0.20.0",
      "resolved": "https://registry.npmjs.org/@laihoe/demoparser2-linux-arm64-gnu/-/demoparser2-linux-arm64-gnu-0.20.0.tgz",
      "integrity": "sha512-WMp6tJRV5wRqTUHaL8HqgtRdJn1wtelHIijlEqDggmwH4kwsG18NmkqRxPdKq+KBPG/o1xDywfbgvROikMm0vg==",
      "optional": true
    },
    "@laihoe/demoparser2-linux-arm64-musl": {
      "version": "0.20.0",
      "resolved": "https://registry.npmjs.org/@laihoe/demoparser2-linux-arm64-musl/-/demoparser2-linux-arm64-musl-0.20.0.tgz",
      "integrity": "sha512-1gTuNrqPiLpOYqLUkslQ9NbJMncCkXDSzwJM4tjFaP47tnIs50lg2qRb93JyLKS7Jt0fAyav4/xNkPoZTfrEhw==",
      "optional": true
    },
    "@laihoe/demoparser2-linux-x64-gnu": {
      "version": "0.20.0",
      "resolved": "https://registry.npmjs.org/@laihoe/demoparser2-linux-x64-gnu/-/demoparser2-linux-x64-gnu-0.20.0.tgz",
      "integrity": "sha512-DuYU/VfjAT8pxW2CPkbRP3EHzne2cBy51dz1a1ggE5AF8WpC/9ZRGlDirftntLJSFfZBYxYj0ju/zSCkxOZSIg==",
      "optional": true
    },
    "@laihoe/demoparser2-linux-x64-musl": {
      "version": "0.20.0",
      "resolved": "https://registry.npmjs.org/@laihoe/demoparser2-linux-x64-musl/-/demoparser2-linux-x64-musl-0.20.0.tgz",
      "integrity": "sha512-98L70t8G1EaLJ/Pqg7uBwVME49DLhuJTdXGsOH6R0tVYbFBcxodoRQiQI4Ks2EQgXtPv58MKcGMbKl7kMm5CqA==",
      "optional": true
    },
    "@laihoe/demoparser2-win32-arm64-msvc": {
      "version": "0.20.0",
      "resolved": "https://registry.npmjs.org/@laihoe/demoparser2-win32-arm64-msvc/-/demoparser2-win32-arm64-msvc-0.20.0.tgz",
      "integrity": "sha512-tkB/jML5H7yeK+2wyhNE1ZZjOtnSKaj56CJYljsXBvDDX6dJHoW05rknhsS2Mx6wI56L+UkHe7oDW7HY2kc/kg==",
      "optional": true
    },
    "@laihoe/demoparser2-win32-ia32-msvc": {
      "version": "0.20.0",
      "resolved": "https://registry.npmjs.org/@laihoe/demoparser2-win32-ia32-msvc/-/demoparser2-win32-ia32-msvc-0.20.0.tgz",
      "integrity": "sha512-HIvd8UQ5Vs2pJCNTlLBfGgcRhvz7LH86D6MVzdhPo9DgiMjEqNtTq4qGRAchXApSb0OAV/xm7744Xdjs2pvJnQ==",
      "optional": true
    },
    "@laihoe/demoparser2-win32-x64-msvc": {
      "version": "0.20.0",
      "resolved": "https://registry.npmjs.org/@laihoe/demoparser2-win32-x64-msvc/-/demoparser2-win32-x64-msvc-0.20.0.tgz",
      "integrity": "sha512-TpjRz+0YvyGWyDmjTcy62BEkdtRuGFLX0DkGSmnzFqUgMgHfHdaIftxoQboXgi8m66FMjboPkOKZV5IZ2vxWUA==",
      "optional": true
    },
    "@types/node": {
      "version": "20.9.0",
      "resolved": "https://registry.npmjs.org/@types/node/-/node-20.9.0.tgz",
      "integrity": "sha512-nekiGu2NDb1BcVofVcEKMIwzlx4NjHlcjhoxxKBNLtz15Y1z7MYf549DFvkHSId02Ax6kGwWntIBPC3l/JZcmw==",
      "dev": true,
      "requires": {
        "undici-types": "~5.26.4"
      }
    },
    "typescript": {
      "version": "5.2.2",
      "resolved": "https://registry.npmjs.org/typescript/-/typescript-5.2.2.tgz",
      "integrity": "sha512-mI4WrpHsbCIcwT9cF4FZvr80QUeKvsUsUvKDoR+X/7XHQH98xYD8YHZg7ANtz2GtZt/CBq2QJ0thkGJMHfqc1w==",
      "dev": true
    },
    "undici-types": {
      "version": "5.26.5",
      "resolved": "https://registry.npmjs.org/undici-types/-/undici-types-5.26.5.tgz",
      "integrity": "sha512-JlCMO+ehdEIKqlFxk6IfVoAUVmgz7cU7zD/h9XZ0qzeosSHmUJVOzSQvvYSYWXkFXC+IfLKSIffhv0sVZup6pA==",
      "dev": true
    }
  }
}
