{
  "name": "DemoParserCS2",
  "lockfileVersion": 3,
  "requires": true,
  "packages": {
    "": {
      "dependencies": {
        "@laihoe/demoparser2": "^0.26.2"
      },
      "devDependencies": {
        "@types/node": "^20.9.0",
        "typescript": "^5.2.2"
      }
    },
    "node_modules/@laihoe/demoparser2": {
      "version": "0.26.2",
      "resolved": "https://registry.npmjs.org/@laihoe/demoparser2/-/demoparser2-0.26.2.tgz",
      "integrity": "sha512-VWBHxJUH7Y8vgdkpf/SGGBV0lab/CzfsZiaXdui0DL1L2LpW1dAMiTZzPd3p3EvaeYysBMQE9eHuP5wJGWf7cw==",
      "engines": {
        "node": ">= 10"
      },
      "optionalDependencies": {
        "@laihoe/demoparser2-android-arm-eabi": "0.26.2",
        "@laihoe/demoparser2-android-arm64": "0.26.2",
        "@laihoe/demoparser2-darwin-arm64": "0.26.2",
        "@laihoe/demoparser2-darwin-universal": "0.26.2",
        "@laihoe/demoparser2-darwin-x64": "0.26.2",
        "@laihoe/demoparser2-freebsd-x64": "0.26.2",
        "@laihoe/demoparser2-linux-arm-gnueabihf": "0.26.2",
        "@laihoe/demoparser2-linux-arm64-gnu": "0.26.2",
        "@laihoe/demoparser2-linux-arm64-musl": "0.26.2",
        "@laihoe/demoparser2-linux-x64-gnu": "0.26.2",
        "@laihoe/demoparser2-linux-x64-musl": "0.26.2",
        "@laihoe/demoparser2-win32-arm64-msvc": "0.26.2",
        "@laihoe/demoparser2-win32-ia32-msvc": "0.26.2",
        "@laihoe/demoparser2-win32-x64-msvc": "0.26.2"
      }
    },
    "node_modules/@laihoe/demoparser2-android-arm-eabi": {
      "version": "0.26.2",
      "resolved": "https://registry.npmjs.org/@laihoe/demoparser2-android-arm-eabi/-/demoparser2-android-arm-eabi-0.26.2.tgz",
      "integrity": "sha512-/2o63TkS0ftB8Ptry9RvwadVrwQpp0PD7BGtkl33EDPGsZ+dSwPSBUv5hX7vcOPOokHLv2gQ1os9jhRNv+kpHQ==",
      "cpu": [
        "arm"
      ],
      "optional": true,
      "os": [
        "android"
      ],
      "engines": {
        "node": ">= 10"
      }
    },
    "node_modules/@laihoe/demoparser2-android-arm64": {
      "version": "0.26.2",
      "resolved": "https://registry.npmjs.org/@laihoe/demoparser2-android-arm64/-/demoparser2-android-arm64-0.26.2.tgz",
      "integrity": "sha512-ACVAPkU11sLuCuPaGAU+G4oS+XptlVacd+Nyx7/cEbJ2Msq64aaejF4odo0JLKBROUb7X3sMofHvLaUXXS2aBQ==",
      "cpu": [
        "arm64"
      ],
      "optional": true,
      "os": [
        "android"
      ],
      "engines": {
        "node": ">= 10"
      }
    },
    "node_modules/@laihoe/demoparser2-darwin-arm64": {
      "version": "0.26.2",
      "resolved": "https://registry.npmjs.org/@laihoe/demoparser2-darwin-arm64/-/demoparser2-darwin-arm64-0.26.2.tgz",
      "integrity": "sha512-JgjxC+VM46cmqdb2Tw64bFj5m7RF5PALyc8gfjZPqWLoFs9zGiIJepixLYmXt9KbxBt/0Dxe1Rz4etBO4/kPcQ==",
      "cpu": [
        "arm64"
      ],
      "optional": true,
      "os": [
        "darwin"
      ],
      "engines": {
        "node": ">= 10"
      }
    },
    "node_modules/@laihoe/demoparser2-linux-arm-gnueabihf": {
      "version": "0.26.2",
      "resolved": "https://registry.npmjs.org/@laihoe/demoparser2-linux-arm-gnueabihf/-/demoparser2-linux-arm-gnueabihf-0.26.2.tgz",
      "integrity": "sha512-AYB7+8fleWA/fwsDq4WB7NktfoOkD9TgogIUhvkQLPkNlnAtEfcQxNv/uw8YG5R5we1z7RgaEsaoAp/Y7DZyjw==",
      "cpu": [
        "arm"
      ],
      "optional": true,
      "os": [
        "linux"
      ],
      "engines": {
        "node": ">= 10"
      }
    },
    "node_modules/@laihoe/demoparser2-linux-arm64-gnu": {
      "version": "0.26.2",
      "resolved": "https://registry.npmjs.org/@laihoe/demoparser2-linux-arm64-gnu/-/demoparser2-linux-arm64-gnu-0.26.2.tgz",
      "integrity": "sha512-nW/miyH8CNILnBLnSPnBpdeiFdt3iYlUJpSFfN98hFFEcX0wOGk2dQGxGkANE2ZDqRWJFsNj5MQNtFTeAfA3iQ==",
      "cpu": [
        "arm64"
      ],
      "optional": true,
      "os": [
        "linux"
      ],
      "engines": {
        "node": ">= 10"
      }
    },
    "node_modules/@laihoe/demoparser2-linux-arm64-musl": {
      "version": "0.26.2",
      "resolved": "https://registry.npmjs.org/@laihoe/demoparser2-linux-arm64-musl/-/demoparser2-linux-arm64-musl-0.26.2.tgz",
      "integrity": "sha512-rX6s9/qB8lQjpp21QsXk51WUlmzHA//sKJohQd59s99cWt00dBBM26xpleRIBG0ivIO7Lfly9I8ilkIt8BiTiw==",
      "cpu": [
        "arm64"
      ],
      "optional": true,
      "os": [
        "linux"
      ],
      "engines": {
        "node": ">= 10"
      }
    },
    "node_modules/@laihoe/demoparser2-linux-x64-gnu": {
      "version": "0.26.2",
      "resolved": "https://registry.npmjs.org/@laihoe/demoparser2-linux-x64-gnu/-/demoparser2-linux-x64-gnu-0.26.2.tgz",
      "integrity": "sha512-2LBwC/OdsVjNk5S+MvPpYORe/E790jyDanCpoQAaMU3UXXAOPvsuV7e+wCasbCC3jIRhZzBjpe9xFSsIn5SwEg==",
      "cpu": [
        "x64"
      ],
      "optional": true,
      "os": [
        "linux"
      ],
      "engines": {
        "node": ">= 10"
      }
    },
    "node_modules/@laihoe/demoparser2-linux-x64-musl": {
      "version": "0.26.2",
      "resolved": "https://registry.npmjs.org/@laihoe/demoparser2-linux-x64-musl/-/demoparser2-linux-x64-musl-0.26.2.tgz",
      "integrity": "sha512-RxG35WwAe31fzUqFJhXbP/o4w5T7PkBikFAq0T/FiLM5X56vvktV4IKWa0qpkAKYbFAFgMg5l/zemNtZShcMyA==",
      "cpu": [
        "x64"
      ],
      "optional": true,
      "os": [
        "linux"
      ],
      "engines": {
        "node": ">= 10"
      }
    },
    "node_modules/@laihoe/demoparser2-win32-arm64-msvc": {
      "version": "0.26.2",
      "resolved": "https://registry.npmjs.org/@laihoe/demoparser2-win32-arm64-msvc/-/demoparser2-win32-arm64-msvc-0.26.2.tgz",
      "integrity": "sha512-POgOkDFhwGQdVAqqfJcU3oohtVqSvKdn0AR66/zPSly4xWYp4NG96jKnaJX5kIbDIRL78u50M/dBG30dQORwpA==",
      "cpu": [
        "arm64"
      ],
      "optional": true,
      "os": [
        "win32"
      ],
      "engines": {
        "node": ">= 10"
      }
    },
    "node_modules/@laihoe/demoparser2-win32-ia32-msvc": {
      "version": "0.26.2",
      "resolved": "https://registry.npmjs.org/@laihoe/demoparser2-win32-ia32-msvc/-/demoparser2-win32-ia32-msvc-0.26.2.tgz",
      "integrity": "sha512-IBUSsWj+7uq/uEH9pHYdFDD2RVQwp6qUU1FO1dQMsUKgbOX27bgA9CiEvU+6bd2l90ROwtfY7NTTtbxuhVL53A==",
      "cpu": [
        "ia32"
      ],
      "optional": true,
      "os": [
        "win32"
      ],
      "engines": {
        "node": ">= 10"
      }
    },
    "node_modules/@laihoe/demoparser2-win32-x64-msvc": {
      "version": "0.26.2",
      "resolved": "https://registry.npmjs.org/@laihoe/demoparser2-win32-x64-msvc/-/demoparser2-win32-x64-msvc-0.26.2.tgz",
      "integrity": "sha512-j5+Ry1haTYSYYHyNNom2GyFAsgGXbIZQKTVyYgiesBTWqqVAnZQpdjbuecloiybMOcSLP93ueFGkIM9gCB9eRQ==",
      "cpu": [
        "x64"
      ],
      "optional": true,
      "os": [
        "win32"
      ],
      "engines": {
        "node": ">= 10"
      }
    },
    "node_modules/@types/node": {
      "version": "20.14.0",
      "resolved": "https://registry.npmjs.org/@types/node/-/node-20.14.0.tgz",
      "integrity": "sha512-5cHBxFGJx6L4s56Bubp4fglrEpmyJypsqI6RgzMfBHWUJQGWAAi8cWcgetEbZXHYXo9C2Fa4EEds/uSyS4cxmA==",
      "dev": true,
      "dependencies": {
        "undici-types": "~5.26.4"
      }
    },
    "node_modules/typescript": {
      "version": "5.4.5",
      "resolved": "https://registry.npmjs.org/typescript/-/typescript-5.4.5.tgz",
      "integrity": "sha512-vcI4UpRgg81oIRUFwR0WSIHKt11nJ7SAVlYNIu+QpqeyXP+gpQJy/Z4+F0aGxSE4MqwjyXvW/TzgkLAx2AGHwQ==",
      "dev": true,
      "bin": {
        "tsc": "bin/tsc",
        "tsserver": "bin/tsserver"
      },
      "engines": {
        "node": ">=14.17"
      }
    },
    "node_modules/undici-types": {
      "version": "5.26.5",
      "resolved": "https://registry.npmjs.org/undici-types/-/undici-types-5.26.5.tgz",
      "integrity": "sha512-JlCMO+ehdEIKqlFxk6IfVoAUVmgz7cU7zD/h9XZ0qzeosSHmUJVOzSQvvYSYWXkFXC+IfLKSIffhv0sVZup6pA==",
      "dev": true
    }
  }
}
